
Microsoft Visual Studio Solution File, Format Version 12.00
# Visual Studio Version 16
VisualStudioVersion = 16.0.29215.179
MinimumVisualStudioVersion = 10.0.40219.1
Project("{FAE04EC0-301F-11D3-BF4B-00C04F79EFBC}") = "DoubleCheckedLocking.WebApplication", "DoubleCheckedLocking.WebApplication\DoubleCheckedLocking.WebApplication.csproj", "{0E9B16E4-310E-44B9-8098-EC727A6DDA92}"
EndProject
Global
	GlobalSection(SolutionConfigurationPlatforms) = preSolution
		Debug|Any CPU = Debug|Any CPU
		Release|Any CPU = Release|Any CPU
	EndGlobalSection
	GlobalSection(ProjectConfigurationPlatforms) = postSolution
		{0E9B16E4-310E-44B9-8098-EC727A6DDA92}.Debug|Any CPU.ActiveCfg = Debug|Any CPU
		{0E9B16E4-310E-44B9-8098-EC727A6DDA92}.Debug|Any CPU.Build.0 = Debug|Any CPU
		{0E9B16E4-310E-44B9-8098-EC727A6DDA92}.Release|Any CPU.ActiveCfg = Release|Any CPU
		{0E9B16E4-310E-44B9-8098-EC727A6DDA92}.Release|Any CPU.Build.0 = Release|Any CPU
	EndGlobalSection
	GlobalSection(SolutionProperties) = preSolution
		HideSolutionNode = FALSE
	EndGlobalSection
	GlobalSection(ExtensibilityGlobals) = postSolution
		SolutionGuid = {BCA57897-E142-40F1-8DAA-43FF33FBC2E1}
	EndGlobalSection
EndGlobal
